
Microsoft Visual Studio Solution File, Format Version 12.00
# Visual Studio Version 16
VisualStudioVersion = 25.0.1700.5
MinimumVisualStudioVersion = 10.0.40219.1
Project("{FAE04EC0-301F-11D3-BF4B-00C04F79EFBC}") = "Assignment1", "Assignment1\Assignment1.csproj", "{2D3532F1-A922-4CDF-816B-0CFF06B39D8B}"
EndProject
Global
	GlobalSection(SolutionConfigurationPlatforms) = preSolution
		Debug|Any CPU = Debug|Any CPU
		Release|Any CPU = Release|Any CPU
	EndGlobalSection
	GlobalSection(ProjectConfigurationPlatforms) = postSolution
		{2D3532F1-A922-4CDF-816B-0CFF06B39D8B}.Debug|Any CPU.ActiveCfg = Debug|Any CPU
		{2D3532F1-A922-4CDF-816B-0CFF06B39D8B}.Debug|Any CPU.Build.0 = Debug|Any CPU
		{2D3532F1-A922-4CDF-816B-0CFF06B39D8B}.Release|Any CPU.ActiveCfg = Release|Any CPU
		{2D3532F1-A922-4CDF-816B-0CFF06B39D8B}.Release|Any CPU.Build.0 = Release|Any CPU
	EndGlobalSection
	GlobalSection(SolutionProperties) = preSolution
		HideSolutionNode = FALSE
	EndGlobalSection
	GlobalSection(ExtensibilityGlobals) = postSolution
		SolutionGuid = {F593BC20-DC07-4EEE-844E-E789A50BFB85}
	EndGlobalSection
EndGlobal
